
Microsoft Visual Studio Solution File, Format Version 12.00
# Visual Studio Version 16
VisualStudioVersion = 16.0.30011.22
MinimumVisualStudioVersion = 10.0.40219.1
Project("{9A19103F-16F7-4668-BE54-9A1E7A4F7556}") = "project-sas", "sasproject\project-sas.csproj", "{FAABA1B9-A29A-494A-B35F-E5108D5DA606}"
EndProject
Global
	GlobalSection(SolutionConfigurationPlatforms) = preSolution
		Debug|Any CPU = Debug|Any CPU
		Release|Any CPU = Release|Any CPU
	EndGlobalSection
	GlobalSection(ProjectConfigurationPlatforms) = postSolution
		{FAABA1B9-A29A-494A-B35F-E5108D5DA606}.Debug|Any CPU.ActiveCfg = Debug|Any CPU
		{FAABA1B9-A29A-494A-B35F-E5108D5DA606}.Debug|Any CPU.Build.0 = Debug|Any CPU
		{FAABA1B9-A29A-494A-B35F-E5108D5DA606}.Release|Any CPU.ActiveCfg = Release|Any CPU
		{FAABA1B9-A29A-494A-B35F-E5108D5DA606}.Release|Any CPU.Build.0 = Release|Any CPU
	EndGlobalSection
	GlobalSection(SolutionProperties) = preSolution
		HideSolutionNode = FALSE
	EndGlobalSection
	GlobalSection(ExtensibilityGlobals) = postSolution
		SolutionGuid = {BD4BC8CF-A14F-44DE-8067-313070CEC8DE}
	EndGlobalSection
EndGlobal
